
Microsoft Visual Studio Solution File, Format Version 12.00
Project("{FAE04EC0-301F-11D3-BF4B-00C04F79EFBC}") = "IntroSkipper", "IntroSkipper\IntroSkipper.csproj", "{D921B930-CF91-406F-ACBC-08914DCD0D34}"
EndProject
Project("{FAE04EC0-301F-11D3-BF4B-00C04F79EFBC}") = "IntroSkipper.Tests", "IntroSkipper.Tests\IntroSkipper.Tests.csproj", "{9E30DA42-983E-46E0-A3BF-A2BA56FE9718}"
EndProject
Project("{2150E333-8FDC-42A3-9474-1A3956D46DE8}") = "tools", "tools", "{07C2787E-EAC7-C090-1BA3-A61EC2A24D84}"
EndProject
Project("{FAE04EC0-301F-11D3-BF4B-00C04F79EFBC}") = "CreditsRunner", "tools\CreditsRunner\CreditsRunner.csproj", "{42B5CC93-CB14-41F2-BF37-388BD02A8814}"
EndProject
Global
	GlobalSection(SolutionConfigurationPlatforms) = preSolution
		Debug|Any CPU = Debug|Any CPU
		Debug|x64 = Debug|x64
		Debug|x86 = Debug|x86
		Release|Any CPU = Release|Any CPU
		Release|x64 = Release|x64
		Release|x86 = Release|x86
	EndGlobalSection
	GlobalSection(ProjectConfigurationPlatforms) = postSolution
		{D921B930-CF91-406F-ACBC-08914DCD0D34}.Debug|Any CPU.ActiveCfg = Debug|Any CPU
		{D921B930-CF91-406F-ACBC-08914DCD0D34}.Debug|Any CPU.Build.0 = Debug|Any CPU
		{D921B930-CF91-406F-ACBC-08914DCD0D34}.Debug|x64.ActiveCfg = Debug|Any CPU
		{D921B930-CF91-406F-ACBC-08914DCD0D34}.Debug|x64.Build.0 = Debug|Any CPU
		{D921B930-CF91-406F-ACBC-08914DCD0D34}.Debug|x86.ActiveCfg = Debug|Any CPU
		{D921B930-CF91-406F-ACBC-08914DCD0D34}.Debug|x86.Build.0 = Debug|Any CPU
		{D921B930-CF91-406F-ACBC-08914DCD0D34}.Release|Any CPU.ActiveCfg = Release|Any CPU
		{D921B930-CF91-406F-ACBC-08914DCD0D34}.Release|Any CPU.Build.0 = Release|Any CPU
		{D921B930-CF91-406F-ACBC-08914DCD0D34}.Release|x64.ActiveCfg = Release|Any CPU
		{D921B930-CF91-406F-ACBC-08914DCD0D34}.Release|x64.Build.0 = Release|Any CPU
		{D921B930-CF91-406F-ACBC-08914DCD0D34}.Release|x86.ActiveCfg = Release|Any CPU
		{D921B930-CF91-406F-ACBC-08914DCD0D34}.Release|x86.Build.0 = Release|Any CPU
		{9E30DA42-983E-46E0-A3BF-A2BA56FE9718}.Debug|Any CPU.ActiveCfg = Debug|Any CPU
		{9E30DA42-983E-46E0-A3BF-A2BA56FE9718}.Debug|Any CPU.Build.0 = Debug|Any CPU
		{9E30DA42-983E-46E0-A3BF-A2BA56FE9718}.Debug|x64.ActiveCfg = Debug|Any CPU
		{9E30DA42-983E-46E0-A3BF-A2BA56FE9718}.Debug|x64.Build.0 = Debug|Any CPU
		{9E30DA42-983E-46E0-A3BF-A2BA56FE9718}.Debug|x86.ActiveCfg = Debug|Any CPU
		{9E30DA42-983E-46E0-A3BF-A2BA56FE9718}.Debug|x86.Build.0 = Debug|Any CPU
		{9E30DA42-983E-46E0-A3BF-A2BA56FE9718}.Release|Any CPU.ActiveCfg = Release|Any CPU
		{9E30DA42-983E-46E0-A3BF-A2BA56FE9718}.Release|Any CPU.Build.0 = Release|Any CPU
		{9E30DA42-983E-46E0-A3BF-A2BA56FE9718}.Release|x64.ActiveCfg = Release|Any CPU
		{9E30DA42-983E-46E0-A3BF-A2BA56FE9718}.Release|x64.Build.0 = Release|Any CPU
		{9E30DA42-983E-46E0-A3BF-A2BA56FE9718}.Release|x86.ActiveCfg = Release|Any CPU
		{9E30DA42-983E-46E0-A3BF-A2BA56FE9718}.Release|x86.Build.0 = Release|Any CPU
		{42B5CC93-CB14-41F2-BF37-388BD02A8814}.Debug|Any CPU.ActiveCfg = Debug|Any CPU
		{42B5CC93-CB14-41F2-BF37-388BD02A8814}.Debug|Any CPU.Build.0 = Debug|Any CPU
		{42B5CC93-CB14-41F2-BF37-388BD02A8814}.Debug|x64.ActiveCfg = Debug|Any CPU
		{42B5CC93-CB14-41F2-BF37-388BD02A8814}.Debug|x64.Build.0 = Debug|Any CPU
		{42B5CC93-CB14-41F2-BF37-388BD02A8814}.Debug|x86.ActiveCfg = Debug|Any CPU
		{42B5CC93-CB14-41F2-BF37-388BD02A8814}.Debug|x86.Build.0 = Debug|Any CPU
		{42B5CC93-CB14-41F2-BF37-388BD02A8814}.Release|Any CPU.ActiveCfg = Release|Any CPU
		{42B5CC93-CB14-41F2-BF37-388BD02A8814}.Release|Any CPU.Build.0 = Release|Any CPU
		{42B5CC93-CB14-41F2-BF37-388BD02A8814}.Release|x64.ActiveCfg = Release|Any CPU
		{42B5CC93-CB14-41F2-BF37-388BD02A8814}.Release|x64.Build.0 = Release|Any CPU
		{42B5CC93-CB14-41F2-BF37-388BD02A8814}.Release|x86.ActiveCfg = Release|Any CPU
		{42B5CC93-CB14-41F2-BF37-388BD02A8814}.Release|x86.Build.0 = Release|Any CPU
	EndGlobalSection
	GlobalSection(SolutionProperties) = preSolution
		HideSolutionNode = FALSE
	EndGlobalSection
	GlobalSection(NestedProjects) = preSolution
		{42B5CC93-CB14-41F2-BF37-388BD02A8814} = {07C2787E-EAC7-C090-1BA3-A61EC2A24D84}
	EndGlobalSection
EndGlobal
